// !$*UTF8*$!
{
	archiveVersion = 1;
	classes = {
	};
	objectVersion = 55;
	objects = {

/* Begin PBXBuildFile section */
		E453D8E72846FEA800599CCF /* TabBarCollectionViewCell.swift in Sources */ = {isa = PBXBuildFile; fileRef = E453D8E52846FEA800599CCF /* TabBarCollectionViewCell.swift */; };
		E453D8E82846FEA800599CCF /* TabBarCollectionViewCell.xib in Resources */ = {isa = PBXBuildFile; fileRef = E453D8E62846FEA800599CCF /* TabBarCollectionViewCell.xib */; };
		E453D9302847660100599CCF /* RulerIndicesView.swift in Sources */ = {isa = PBXBuildFile; fileRef = E453D92F2847660100599CCF /* RulerIndicesView.swift */; };
		E453D9322847660D00599CCF /* ControlView.xib in Resources */ = {isa = PBXBuildFile; fileRef = E453D9312847660D00599CCF /* ControlView.xib */; };
		E453D9342847731E00599CCF /* ControlView.swift in Sources */ = {isa = PBXBuildFile; fileRef = E453D9332847731E00599CCF /* ControlView.swift */; };
		E453D9372849A14B00599CCF /* AdjustOptionsCollectionViewCell.swift in Sources */ = {isa = PBXBuildFile; fileRef = E453D9352849A14B00599CCF /* AdjustOptionsCollectionViewCell.swift */; };
		E453D9382849A14B00599CCF /* AdjustOptionsCollectionViewCell.xib in Resources */ = {isa = PBXBuildFile; fileRef = E453D9362849A14B00599CCF /* AdjustOptionsCollectionViewCell.xib */; };
		E49006E12846FAE2003F7A42 /* Montserrat-VariableFont_wght.ttf in Resources */ = {isa = PBXBuildFile; fileRef = E49006E02846FAE2003F7A42 /* Montserrat-VariableFont_wght.ttf */; };
		E4B19036284064F500202F33 /* AppDelegate.swift in Sources */ = {isa = PBXBuildFile; fileRef = E4B19035284064F500202F33 /* AppDelegate.swift */; };
		E4B19038284064F500202F33 /* SceneDelegate.swift in Sources */ = {isa = PBXBuildFile; fileRef = E4B19037284064F500202F33 /* SceneDelegate.swift */; };
		E4B1903A284064F500202F33 /* ViewController.swift in Sources */ = {isa = PBXBuildFile; fileRef = E4B19039284064F500202F33 /* ViewController.swift */; };
		E4B1903D284064F500202F33 /* Main.storyboard in Resources */ = {isa = PBXBuildFile; fileRef = E4B1903B284064F500202F33 /* Main.storyboard */; };
		E4B1903F284064F700202F33 /* Assets.xcassets in Resources */ = {isa = PBXBuildFile; fileRef = E4B1903E284064F700202F33 /* Assets.xcassets */; };
		E4B19042284064F700202F33 /* LaunchScreen.storyboard in Resources */ = {isa = PBXBuildFile; fileRef = E4B19040284064F700202F33 /* LaunchScreen.storyboard */; };
		E4B1904D284064F800202F33 /* GIFCopyTests.swift in Sources */ = {isa = PBXBuildFile; fileRef = E4B1904C284064F800202F33 /* GIFCopyTests.swift */; };
		E4B19057284064F800202F33 /* GIFCopyUITests.swift in Sources */ = {isa = PBXBuildFile; fileRef = E4B19056284064F800202F33 /* GIFCopyUITests.swift */; };
		E4B19059284064F800202F33 /* GIFCopyUITestsLaunchTests.swift in Sources */ = {isa = PBXBuildFile; fileRef = E4B19058284064F800202F33 /* GIFCopyUITestsLaunchTests.swift */; };
		E4B19066284085EA00202F33 /* PHAssetExtension.swift in Sources */ = {isa = PBXBuildFile; fileRef = E4B19065284085E900202F33 /* PHAssetExtension.swift */; };
/* End PBXBuildFile section */

/* Begin PBXContainerItemProxy section */
		E4B19049284064F800202F33 /* PBXContainerItemProxy */ = {
			isa = PBXContainerItemProxy;
			containerPortal = E4B1902A284064F500202F33 /* Project object */;
			proxyType = 1;
			remoteGlobalIDString = E4B19031284064F500202F33;
			remoteInfo = GIFCopy;
		};
		E4B19053284064F800202F33 /* PBXContainerItemProxy */ = {
			isa = PBXContainerItemProxy;
			containerPortal = E4B1902A284064F500202F33 /* Project object */;
			proxyType = 1;
			remoteGlobalIDString = E4B19031284064F500202F33;
			remoteInfo = GIFCopy;
		};
/* End PBXContainerItemProxy section */

/* Begin PBXFileReference section */
		E453D8E52846FEA800599CCF /* TabBarCollectionViewCell.swift */ = {isa = PBXFileReference; lastKnownFileType = sourcecode.swift; path = TabBarCollectionViewCell.swift; sourceTree = "<group>"; };
		E453D8E62846FEA800599CCF /* TabBarCollectionViewCell.xib */ = {isa = PBXFileReference; lastKnownFileType = file.xib; path = TabBarCollectionViewCell.xib; sourceTree = "<group>"; };
		E453D92F2847660100599CCF /* RulerIndicesView.swift */ = {isa = PBXFileReference; lastKnownFileType = sourcecode.swift; path = RulerIndicesView.swift; sourceTree = "<group>"; };
		E453D9312847660D00599CCF /* ControlView.xib */ = {isa = PBXFileReference; lastKnownFileType = file.xib; path = ControlView.xib; sourceTree = "<group>"; };
		E453D9332847731E00599CCF /* ControlView.swift */ = {isa = PBXFileReference; lastKnownFileType = sourcecode.swift; path = ControlView.swift; sourceTree = "<group>"; };
		E453D9352849A14B00599CCF /* AdjustOptionsCollectionViewCell.swift */ = {isa = PBXFileReference; lastKnownFileType = sourcecode.swift; path = AdjustOptionsCollectionViewCell.swift; sourceTree = "<group>"; };
		E453D9362849A14B00599CCF /* AdjustOptionsCollectionViewCell.xib */ = {isa = PBXFileReference; lastKnownFileType = file.xib; path = AdjustOptionsCollectionViewCell.xib; sourceTree = "<group>"; };
		E49006E02846FAE2003F7A42 /* Montserrat-VariableFont_wght.ttf */ = {isa = PBXFileReference; lastKnownFileType = file; name = "Montserrat-VariableFont_wght.ttf"; path = "../../../../../Downloads/Montserrat/Montserrat-VariableFont_wght.ttf"; sourceTree = "<group>"; };
		E4B19032284064F500202F33 /* GIFCopy.app */ = {isa = PBXFileReference; explicitFileType = wrapper.application; includeInIndex = 0; path = GIFCopy.app; sourceTree = BUILT_PRODUCTS_DIR; };
		E4B19035284064F500202F33 /* AppDelegate.swift */ = {isa = PBXFileReference; lastKnownFileType = sourcecode.swift; path = AppDelegate.swift; sourceTree = "<group>"; };
		E4B19037284064F500202F33 /* SceneDelegate.swift */ = {isa = PBXFileReference; lastKnownFileType = sourcecode.swift; path = SceneDelegate.swift; sourceTree = "<group>"; };
		E4B19039284064F500202F33 /* ViewController.swift */ = {isa = PBXFileReference; lastKnownFileType = sourcecode.swift; path = ViewController.swift; sourceTree = "<group>"; };
		E4B1903C284064F500202F33 /* Base */ = {isa = PBXFileReference; lastKnownFileType = file.storyboard; name = Base; path = Base.lproj/Main.storyboard; sourceTree = "<group>"; };
		E4B1903E284064F700202F33 /* Assets.xcassets */ = {isa = PBXFileReference; lastKnownFileType = folder.assetcatalog; path = Assets.xcassets; sourceTree = "<group>"; };
		E4B19041284064F700202F33 /* Base */ = {isa = PBXFileReference; lastKnownFileType = file.storyboard; name = Base; path = Base.lproj/LaunchScreen.storyboard; sourceTree = "<group>"; };
		E4B19043284064F700202F33 /* Info.plist */ = {isa = PBXFileReference; lastKnownFileType = text.plist.xml; path = Info.plist; sourceTree = "<group>"; };
		E4B19048284064F800202F33 /* GIFCopyTests.xctest */ = {isa = PBXFileReference; explicitFileType = wrapper.cfbundle; includeInIndex = 0; path = GIFCopyTests.xctest; sourceTree = BUILT_PRODUCTS_DIR; };
		E4B1904C284064F800202F33 /* GIFCopyTests.swift */ = {isa = PBXFileReference; lastKnownFileType = sourcecode.swift; path = GIFCopyTests.swift; sourceTree = "<group>"; };
		E4B19052284064F800202F33 /* GIFCopyUITests.xctest */ = {isa = PBXFileReference; explicitFileType = wrapper.cfbundle; includeInIndex = 0; path = GIFCopyUITests.xctest; sourceTree = BUILT_PRODUCTS_DIR; };
		E4B19056284064F800202F33 /* GIFCopyUITests.swift */ = {isa = PBXFileReference; lastKnownFileType = sourcecode.swift; path = GIFCopyUITests.swift; sourceTree = "<group>"; };
		E4B19058284064F800202F33 /* GIFCopyUITestsLaunchTests.swift */ = {isa = PBXFileReference; lastKnownFileType = sourcecode.swift; path = GIFCopyUITestsLaunchTests.swift; sourceTree = "<group>"; };
		E4B19065284085E900202F33 /* PHAssetExtension.swift */ = {isa = PBXFileReference; lastKnownFileType = sourcecode.swift; path = PHAssetExtension.swift; sourceTree = "<group>"; };
/* End PBXFileReference section */

/* Begin PBXFrameworksBuildPhase section */
		E4B1902F284064F500202F33 /* Frameworks */ = {
			isa = PBXFrameworksBuildPhase;
			buildActionMask = 2147483647;
			files = (
			);
			runOnlyForDeploymentPostprocessing = 0;
		};
		E4B19045284064F800202F33 /* Frameworks */ = {
			isa = PBXFrameworksBuildPhase;
			buildActionMask = 2147483647;
			files = (
			);
			runOnlyForDeploymentPostprocessing = 0;
		};
		E4B1904F284064F800202F33 /* Frameworks */ = {
			isa = PBXFrameworksBuildPhase;
			buildActionMask = 2147483647;
			files = (
			);
			runOnlyForDeploymentPostprocessing = 0;
		};
/* End PBXFrameworksBuildPhase section */

/* Begin PBXGroup section */
		E49006DD2846FA85003F7A42 /* Fonts */ = {
			isa = PBXGroup;
			children = (
				E49006E02846FAE2003F7A42 /* Montserrat-VariableFont_wght.ttf */,
			);
			path = Fonts;
			sourceTree = "<group>";
		};
		E4B19029284064F500202F33 = {
			isa = PBXGroup;
			children = (
				E4B19034284064F500202F33 /* GIFCopy */,
				E4B1904B284064F800202F33 /* GIFCopyTests */,
				E4B19055284064F800202F33 /* GIFCopyUITests */,
				E4B19033284064F500202F33 /* Products */,
			);
			sourceTree = "<group>";
		};
		E4B19033284064F500202F33 /* Products */ = {
			isa = PBXGroup;
			children = (
				E4B19032284064F500202F33 /* GIFCopy.app */,
				E4B19048284064F800202F33 /* GIFCopyTests.xctest */,
				E4B19052284064F800202F33 /* GIFCopyUITests.xctest */,
			);
			name = Products;
			sourceTree = "<group>";
		};
		E4B19034284064F500202F33 /* GIFCopy */ = {
			isa = PBXGroup;
			children = (
				E4B19035284064F500202F33 /* AppDelegate.swift */,
				E4B19037284064F500202F33 /* SceneDelegate.swift */,
				E4B19039284064F500202F33 /* ViewController.swift */,
				E4B1903B284064F500202F33 /* Main.storyboard */,
				E4B19065284085E900202F33 /* PHAssetExtension.swift */,
				E453D8E52846FEA800599CCF /* TabBarCollectionViewCell.swift */,
				E453D8E62846FEA800599CCF /* TabBarCollectionViewCell.xib */,
				E453D9332847731E00599CCF /* ControlView.swift */,
				E453D9312847660D00599CCF /* ControlView.xib */,
				E453D9352849A14B00599CCF /* AdjustOptionsCollectionViewCell.swift */,
				E453D9362849A14B00599CCF /* AdjustOptionsCollectionViewCell.xib */,
				E453D92F2847660100599CCF /* RulerIndicesView.swift */,
				E49006DD2846FA85003F7A42 /* Fonts */,
				E4B1903E284064F700202F33 /* Assets.xcassets */,
				E4B19040284064F700202F33 /* LaunchScreen.storyboard */,
				E4B19043284064F700202F33 /* Info.plist */,
			);
			path = GIFCopy;
			sourceTree = "<group>";
		};
		E4B1904B284064F800202F33 /* GIFCopyTests */ = {
			isa = PBXGroup;
			children = (
				E4B1904C284064F800202F33 /* GIFCopyTests.swift */,
			);
			path = GIFCopyTests;
			sourceTree = "<group>";
		};
		E4B19055284064F800202F33 /* GIFCopyUITests */ = {
			isa = PBXGroup;
			children = (
				E4B19056284064F800202F33 /* GIFCopyUITests.swift */,
				E4B19058284064F800202F33 /* GIFCopyUITestsLaunchTests.swift */,
			);
			path = GIFCopyUITests;
			sourceTree = "<group>";
		};
/* End PBXGroup section */

/* Begin PBXNativeTarget section */
		E4B19031284064F500202F33 /* GIFCopy */ = {
			isa = PBXNativeTarget;
			buildConfigurationList = E4B1905C284064F800202F33 /* Build configuration list for PBXNativeTarget "GIFCopy" */;
			buildPhases = (
				E4B1902E284064F500202F33 /* Sources */,
				E4B1902F284064F500202F33 /* Frameworks */,
				E4B19030284064F500202F33 /* Resources */,
			);
			buildRules = (
			);
			dependencies = (
			);
			name = GIFCopy;
			productName = GIFCopy;
			productReference = E4B19032284064F500202F33 /* GIFCopy.app */;
			productType = "com.apple.product-type.application";
		};
		E4B19047284064F800202F33 /* GIFCopyTests */ = {
			isa = PBXNativeTarget;
			buildConfigurationList = E4B1905F284064F800202F33 /* Build configuration list for PBXNativeTarget "GIFCopyTests" */;
			buildPhases = (
				E4B19044284064F800202F33 /* Sources */,
				E4B19045284064F800202F33 /* Frameworks */,
				E4B19046284064F800202F33 /* Resources */,
			);
			buildRules = (
			);
			dependencies = (
				E4B1904A284064F800202F33 /* PBXTargetDependency */,
			);
			name = GIFCopyTests;
			productName = GIFCopyTests;
			productReference = E4B19048284064F800202F33 /* GIFCopyTests.xctest */;
			productType = "com.apple.product-type.bundle.unit-test";
		};
		E4B19051284064F800202F33 /* GIFCopyUITests */ = {
			isa = PBXNativeTarget;
			buildConfigurationList = E4B19062284064F800202F33 /* Build configuration list for PBXNativeTarget "GIFCopyUITests" */;
			buildPhases = (
				E4B1904E284064F800202F33 /* Sources */,
				E4B1904F284064F800202F33 /* Frameworks */,
				E4B19050284064F800202F33 /* Resources */,
			);
			buildRules = (
			);
			dependencies = (
				E4B19054284064F800202F33 /* PBXTargetDependency */,
			);
			name = GIFCopyUITests;
			productName = GIFCopyUITests;
			productReference = E4B19052284064F800202F33 /* GIFCopyUITests.xctest */;
			productType = "com.apple.product-type.bundle.ui-testing";
		};
/* End PBXNativeTarget section */

/* Begin PBXProject section */
		E4B1902A284064F500202F33 /* Project object */ = {
			isa = PBXProject;
			attributes = {
				BuildIndependentTargetsInParallel = 1;
				LastSwiftUpdateCheck = 1340;
				LastUpgradeCheck = 1340;
				TargetAttributes = {
					E4B19031284064F500202F33 = {
						CreatedOnToolsVersion = 13.4;
					};
					E4B19047284064F800202F33 = {
						CreatedOnToolsVersion = 13.4;
						TestTargetID = E4B19031284064F500202F33;
					};
					E4B19051284064F800202F33 = {
						CreatedOnToolsVersion = 13.4;
						TestTargetID = E4B19031284064F500202F33;
					};
				};
			};
			buildConfigurationList = E4B1902D284064F500202F33 /* Build configuration list for PBXProject "GIFCopy" */;
			compatibilityVersion = "Xcode 13.0";
			developmentRegion = en;
			hasScannedForEncodings = 0;
			knownRegions = (
				en,
				Base,
			);
			mainGroup = E4B19029284064F500202F33;
			productRefGroup = E4B19033284064F500202F33 /* Products */;
			projectDirPath = "";
			projectRoot = "";
			targets = (
				E4B19031284064F500202F33 /* GIFCopy */,
				E4B19047284064F800202F33 /* GIFCopyTests */,
				E4B19051284064F800202F33 /* GIFCopyUITests */,
			);
		};
/* End PBXProject section */

/* Begin PBXResourcesBuildPhase section */
		E4B19030284064F500202F33 /* Resources */ = {
			isa = PBXResourcesBuildPhase;
			buildActionMask = 2147483647;
			files = (
				E4B19042284064F700202F33 /* LaunchScreen.storyboard in Resources */,
				E4B1903F284064F700202F33 /* Assets.xcassets in Resources */,
				E453D8E82846FEA800599CCF /* TabBarCollectionViewCell.xib in Resources */,
				E453D9382849A14B00599CCF /* AdjustOptionsCollectionViewCell.xib in Resources */,
				E4B1903D284064F500202F33 /* Main.storyboard in Resources */,
				E453D9322847660D00599CCF /* ControlView.xib in Resources */,
				E49006E12846FAE2003F7A42 /* Montserrat-VariableFont_wght.ttf in Resources */,
			);
			runOnlyForDeploymentPostprocessing = 0;
		};
		E4B19046284064F800202F33 /* Resources */ = {
			isa = PBXResourcesBuildPhase;
			buildActionMask = 2147483647;
			files = (
			);
			runOnlyForDeploymentPostprocessing = 0;
		};
		E4B19050284064F800202F33 /* Resources */ = {
			isa = PBXResourcesBuildPhase;
			buildActionMask = 2147483647;
			files = (
			);
			runOnlyForDeploymentPostprocessing = 0;
		};
/* End PBXResourcesBuildPhase section */

/* Begin PBXSourcesBuildPhase section */
		E4B1902E284064F500202F33 /* Sources */ = {
			isa = PBXSourcesBuildPhase;
			buildActionMask = 2147483647;
			files = (
				E4B1903A284064F500202F33 /* ViewController.swift in Sources */,
				E453D8E72846FEA800599CCF /* TabBarCollectionViewCell.swift in Sources */,
				E4B19036284064F500202F33 /* AppDelegate.swift in Sources */,
				E4B19066284085EA00202F33 /* PHAssetExtension.swift in Sources */,
				E453D9302847660100599CCF /* RulerIndicesView.swift in Sources */,
				E453D9342847731E00599CCF /* ControlView.swift in Sources */,
				E453D9372849A14B00599CCF /* AdjustOptionsCollectionViewCell.swift in Sources */,
				E4B19038284064F500202F33 /* SceneDelegate.swift in Sources */,
			);
			runOnlyForDeploymentPostprocessing = 0;
		};
		E4B19044284064F800202F33 /* Sources */ = {
			isa = PBXSourcesBuildPhase;
			buildActionMask = 2147483647;
			files = (
				E4B1904D284064F800202F33 /* GIFCopyTests.swift in Sources */,
			);
			runOnlyForDeploymentPostprocessing = 0;
		};
		E4B1904E284064F800202F33 /* Sources */ = {
			isa = PBXSourcesBuildPhase;
			buildActionMask = 2147483647;
			files = (
				E4B19059284064F800202F33 /* GIFCopyUITestsLaunchTests.swift in Sources */,
				E4B19057284064F800202F33 /* GIFCopyUITests.swift in Sources */,
			);
			runOnlyForDeploymentPostprocessing = 0;
		};
/* End PBXSourcesBuildPhase section */

/* Begin PBXTargetDependency section */
		E4B1904A284064F800202F33 /* PBXTargetDependency */ = {
			isa = PBXTargetDependency;
			target = E4B19031284064F500202F33 /* GIFCopy */;
			targetProxy = E4B19049284064F800202F33 /* PBXContainerItemProxy */;
		};
		E4B19054284064F800202F33 /* PBXTargetDependency */ = {
			isa = PBXTargetDependency;
			target = E4B19031284064F500202F33 /* GIFCopy */;
			targetProxy = E4B19053284064F800202F33 /* PBXContainerItemProxy */;
		};
/* End PBXTargetDependency section */

/* Begin PBXVariantGroup section */
		E4B1903B284064F500202F33 /* Main.storyboard */ = {
			isa = PBXVariantGroup;
			children = (
				E4B1903C284064F500202F33 /* Base */,
			);
			name = Main.storyboard;
			sourceTree = "<group>";
		};
		E4B19040284064F700202F33 /* LaunchScreen.storyboard */ = {
			isa = PBXVariantGroup;
			children = (
				E4B19041284064F700202F33 /* Base */,
			);
			name = LaunchScreen.storyboard;
			sourceTree = "<group>";
		};
/* End PBXVariantGroup section */

/* Begin XCBuildConfiguration section */
		E4B1905A284064F800202F33 /* Debug */ = {
			isa = XCBuildConfiguration;
			buildSettings = {
				ALWAYS_SEARCH_USER_PATHS = NO;
				CLANG_ANALYZER_NONNULL = YES;
				CLANG_ANALYZER_NUMBER_OBJECT_CONVERSION = YES_AGGRESSIVE;
				CLANG_CXX_LANGUAGE_STANDARD = "gnu++17";
				CLANG_ENABLE_MODULES = YES;
				CLANG_ENABLE_OBJC_ARC = YES;
				CLANG_ENABLE_OBJC_WEAK = YES;
				CLANG_WARN_BLOCK_CAPTURE_AUTORELEASING = YES;
				CLANG_WARN_BOOL_CONVERSION = YES;
				CLANG_WARN_COMMA = YES;
				CLANG_WARN_CONSTANT_CONVERSION = YES;
				CLANG_WARN_DEPRECATED_OBJC_IMPLEMENTATIONS = YES;
				CLANG_WARN_DIRECT_OBJC_ISA_USAGE = YES_ERROR;
				CLANG_WARN_DOCUMENTATION_COMMENTS = YES;
				CLANG_WARN_EMPTY_BODY = YES;
				CLANG_WARN_ENUM_CONVERSION = YES;
				CLANG_WARN_INFINITE_RECURSION = YES;
				CLANG_WARN_INT_CONVERSION = YES;
				CLANG_WARN_NON_LITERAL_NULL_CONVERSION = YES;
				CLANG_WARN_OBJC_IMPLICIT_RETAIN_SELF = YES;
				CLANG_WARN_OBJC_LITERAL_CONVERSION = YES;
				CLANG_WARN_OBJC_ROOT_CLASS = YES_ERROR;
				CLANG_WARN_QUOTED_INCLUDE_IN_FRAMEWORK_HEADER = YES;
				CLANG_WARN_RANGE_LOOP_ANALYSIS = YES;
				CLANG_WARN_STRICT_PROTOTYPES = YES;
				CLANG_WARN_SUSPICIOUS_MOVE = YES;
				CLANG_WARN_UNGUARDED_AVAILABILITY = YES_AGGRESSIVE;
				CLANG_WARN_UNREACHABLE_CODE = YES;
				CLANG_WARN__DUPLICATE_METHOD_MATCH = YES;
				COPY_PHASE_STRIP = NO;
				DEBUG_INFORMATION_FORMAT = dwarf;
				ENABLE_STRICT_OBJC_MSGSEND = YES;
				ENABLE_TESTABILITY = YES;
				GCC_C_LANGUAGE_STANDARD = gnu11;
				GCC_DYNAMIC_NO_PIC = NO;
				GCC_NO_COMMON_BLOCKS = YES;
				GCC_OPTIMIZATION_LEVEL = 0;
				GCC_PREPROCESSOR_DEFINITIONS = (
					"DEBUG=1",
					"$(inherited)",
				);
				GCC_WARN_64_TO_32_BIT_CONVERSION = YES;
				GCC_WARN_ABOUT_RETURN_TYPE = YES_ERROR;
				GCC_WARN_UNDECLARED_SELECTOR = YES;
				GCC_WARN_UNINITIALIZED_AUTOS = YES_AGGRESSIVE;
				GCC_WARN_UNUSED_FUNCTION = YES;
				GCC_WARN_UNUSED_VARIABLE = YES;
				IPHONEOS_DEPLOYMENT_TARGET = 15.5;
				MTL_ENABLE_DEBUG_INFO = INCLUDE_SOURCE;
				MTL_FAST_MATH = YES;
				ONLY_ACTIVE_ARCH = YES;
				SDKROOT = iphoneos;
				SWIFT_ACTIVE_COMPILATION_CONDITIONS = DEBUG;
				SWIFT_OPTIMIZATION_LEVEL = "-Onone";
			};
			name = Debug;
		};
		E4B1905B284064F800202F33 /* Release */ = {
			isa = XCBuildConfiguration;
			buildSettings = {
				ALWAYS_SEARCH_USER_PATHS = NO;
				CLANG_ANALYZER_NONNULL = YES;
				CLANG_ANALYZER_NUMBER_OBJECT_CONVERSION = YES_AGGRESSIVE;
				CLANG_CXX_LANGUAGE_STANDARD = "gnu++17";
				CLANG_ENABLE_MODULES = YES;
				CLANG_ENABLE_OBJC_ARC = YES;
				CLANG_ENABLE_OBJC_WEAK = YES;
				CLANG_WARN_BLOCK_CAPTURE_AUTORELEASING = YES;
				CLANG_WARN_BOOL_CONVERSION = YES;
				CLANG_WARN_COMMA = YES;
				CLANG_WARN_CONSTANT_CONVERSION = YES;
				CLANG_WARN_DEPRECATED_OBJC_IMPLEMENTATIONS = YES;
				CLANG_WARN_DIRECT_OBJC_ISA_USAGE = YES_ERROR;
				CLANG_WARN_DOCUMENTATION_COMMENTS = YES;
				CLANG_WARN_EMPTY_BODY = YES;
				CLANG_WARN_ENUM_CONVERSION = YES;
				CLANG_WARN_INFINITE_RECURSION = YES;
				CLANG_WARN_INT_CONVERSION = YES;
				CLANG_WARN_NON_LITERAL_NULL_CONVERSION = YES;
				CLANG_WARN_OBJC_IMPLICIT_RETAIN_SELF = YES;
				CLANG_WARN_OBJC_LITERAL_CONVERSION = YES;
				CLANG_WARN_OBJC_ROOT_CLASS = YES_ERROR;
				CLANG_WARN_QUOTED_INCLUDE_IN_FRAMEWORK_HEADER = YES;
				CLANG_WARN_RANGE_LOOP_ANALYSIS = YES;
				CLANG_WARN_STRICT_PROTOTYPES = YES;
				CLANG_WARN_SUSPICIOUS_MOVE = YES;
				CLANG_WARN_UNGUARDED_AVAILABILITY = YES_AGGRESSIVE;
				CLANG_WARN_UNREACHABLE_CODE = YES;
				CLANG_WARN__DUPLICATE_METHOD_MATCH = YES;
				COPY_PHASE_STRIP = NO;
				DEBUG_INFORMATION_FORMAT = "dwarf-with-dsym";
				ENABLE_NS_ASSERTIONS = NO;
				ENABLE_STRICT_OBJC_MSGSEND = YES;
				GCC_C_LANGUAGE_STANDARD = gnu11;
				GCC_NO_COMMON_BLOCKS = YES;
				GCC_WARN_64_TO_32_BIT_CONVERSION = YES;
				GCC_WARN_ABOUT_RETURN_TYPE = YES_ERROR;
				GCC_WARN_UNDECLARED_SELECTOR = YES;
				GCC_WARN_UNINITIALIZED_AUTOS = YES_AGGRESSIVE;
				GCC_WARN_UNUSED_FUNCTION = YES;
				GCC_WARN_UNUSED_VARIABLE = YES;
				IPHONEOS_DEPLOYMENT_TARGET = 15.5;
				MTL_ENABLE_DEBUG_INFO = NO;
				MTL_FAST_MATH = YES;
				SDKROOT = iphoneos;
				SWIFT_COMPILATION_MODE = wholemodule;
				SWIFT_OPTIMIZATION_LEVEL = "-O";
				VALIDATE_PRODUCT = YES;
			};
			name = Release;
		};
		E4B1905D284064F800202F33 /* Debug */ = {
			isa = XCBuildConfiguration;
			buildSettings = {
				ASSETCATALOG_COMPILER_APPICON_NAME = AppIcon;
				ASSETCATALOG_COMPILER_GLOBAL_ACCENT_COLOR_NAME = AccentColor;
				CODE_SIGN_STYLE = Automatic;
				CURRENT_PROJECT_VERSION = 1;
				DEVELOPMENT_TEAM = PUYQHMK4MF;
				GENERATE_INFOPLIST_FILE = YES;
				INFOPLIST_FILE = GIFCopy/Info.plist;
				INFOPLIST_KEY_UIApplicationSupportsIndirectInputEvents = YES;
				INFOPLIST_KEY_UILaunchStoryboardName = LaunchScreen;
				INFOPLIST_KEY_UIMainStoryboardFile = Main;
				INFOPLIST_KEY_UISupportedInterfaceOrientations_iPad = "UIInterfaceOrientationPortrait UIInterfaceOrientationPortraitUpsideDown UIInterfaceOrientationLandscapeLeft UIInterfaceOrientationLandscapeRight";
				INFOPLIST_KEY_UISupportedInterfaceOrientations_iPhone = "UIInterfaceOrientationPortrait UIInterfaceOrientationLandscapeLeft UIInterfaceOrientationLandscapeRight";
				LD_RUNPATH_SEARCH_PATHS = (
					"$(inherited)",
					"@executable_path/Frameworks",
				);
				MARKETING_VERSION = 1.0;
				PRODUCT_BUNDLE_IDENTIFIER = com.mycompany.GIFCopy;
				PRODUCT_NAME = "$(TARGET_NAME)";
				SWIFT_EMIT_LOC_STRINGS = YES;
				SWIFT_VERSION = 5.0;
				TARGETED_DEVICE_FAMILY = "1,2";
			};
			name = Debug;
		};
		E4B1905E284064F800202F33 /* Release */ = {
			isa = XCBuildConfiguration;
			buildSettings = {
				ASSETCATALOG_COMPILER_APPICON_NAME = AppIcon;
				ASSETCATALOG_COMPILER_GLOBAL_ACCENT_COLOR_NAME = AccentColor;
				CODE_SIGN_STYLE = Automatic;
				CURRENT_PROJECT_VERSION = 1;
				DEVELOPMENT_TEAM = PUYQHMK4MF;
				GENERATE_INFOPLIST_FILE = YES;
				INFOPLIST_FILE = GIFCopy/Info.plist;
				INFOPLIST_KEY_UIApplicationSupportsIndirectInputEvents = YES;
				INFOPLIST_KEY_UILaunchStoryboardName = LaunchScreen;
				INFOPLIST_KEY_UIMainStoryboardFile = Main;
				INFOPLIST_KEY_UISupportedInterfaceOrientations_iPad = "UIInterfaceOrientationPortrait UIInterfaceOrientationPortraitUpsideDown UIInterfaceOrientationLandscapeLeft UIInterfaceOrientationLandscapeRight";
				INFOPLIST_KEY_UISupportedInterfaceOrientations_iPhone = "UIInterfaceOrientationPortrait UIInterfaceOrientationLandscapeLeft UIInterfaceOrientationLandscapeRight";
				LD_RUNPATH_SEARCH_PATHS = (
					"$(inherited)",
					"@executable_path/Frameworks",
				);
				MARKETING_VERSION = 1.0;
				PRODUCT_BUNDLE_IDENTIFIER = com.mycompany.GIFCopy;
				PRODUCT_NAME = "$(TARGET_NAME)";
				SWIFT_EMIT_LOC_STRINGS = YES;
				SWIFT_VERSION = 5.0;
				TARGETED_DEVICE_FAMILY = "1,2";
			};
			name = Release;
		};
		E4B19060284064F800202F33 /* Debug */ = {
			isa = XCBuildConfiguration;
			buildSettings = {
				ALWAYS_EMBED_SWIFT_STANDARD_LIBRARIES = YES;
				BUNDLE_LOADER = "$(TEST_HOST)";
				CODE_SIGN_STYLE = Automatic;
				CURRENT_PROJECT_VERSION = 1;
				DEVELOPMENT_TEAM = PUYQHMK4MF;
				GENERATE_INFOPLIST_FILE = YES;
				IPHONEOS_DEPLOYMENT_TARGET = 15.5;
				MARKETING_VERSION = 1.0;
				PRODUCT_BUNDLE_IDENTIFIER = com.mycompany.GIFCopyTests;
				PRODUCT_NAME = "$(TARGET_NAME)";
				SWIFT_EMIT_LOC_STRINGS = NO;
				SWIFT_VERSION = 5.0;
				TARGETED_DEVICE_FAMILY = "1,2";
				TEST_HOST = "$(BUILT_PRODUCTS_DIR)/GIFCopy.app/GIFCopy";
			};
			name = Debug;
		};
		E4B19061284064F800202F33 /* Release */ = {
			isa = XCBuildConfiguration;
			buildSettings = {
				ALWAYS_EMBED_SWIFT_STANDARD_LIBRARIES = YES;
				BUNDLE_LOADER = "$(TEST_HOST)";
				CODE_SIGN_STYLE = Automatic;
				CURRENT_PROJECT_VERSION = 1;
				DEVELOPMENT_TEAM = PUYQHMK4MF;
				GENERATE_INFOPLIST_FILE = YES;
				IPHONEOS_DEPLOYMENT_TARGET = 15.5;
				MARKETING_VERSION = 1.0;
				PRODUCT_BUNDLE_IDENTIFIER = com.mycompany.GIFCopyTests;
				PRODUCT_NAME = "$(TARGET_NAME)";
				SWIFT_EMIT_LOC_STRINGS = NO;
				SWIFT_VERSION = 5.0;
				TARGETED_DEVICE_FAMILY = "1,2";
				TEST_HOST = "$(BUILT_PRODUCTS_DIR)/GIFCopy.app/GIFCopy";
			};
			name = Release;
		};
		E4B19063284064F800202F33 /* Debug */ = {
			isa = XCBuildConfiguration;
			buildSettings = {
				ALWAYS_EMBED_SWIFT_STANDARD_LIBRARIES = YES;
				CODE_SIGN_STYLE = Automatic;
				CURRENT_PROJECT_VERSION = 1;
				DEVELOPMENT_TEAM = PUYQHMK4MF;
				GENERATE_INFOPLIST_FILE = YES;
				MARKETING_VERSION = 1.0;
				PRODUCT_BUNDLE_IDENTIFIER = com.mycompany.GIFCopyUITests;
				PRODUCT_NAME = "$(TARGET_NAME)";
				SWIFT_EMIT_LOC_STRINGS = NO;
				SWIFT_VERSION = 5.0;
				TARGETED_DEVICE_FAMILY = "1,2";
				TEST_TARGET_NAME = GIFCopy;
			};
			name = Debug;
		};
		E4B19064284064F800202F33 /* Release */ = {
			isa = XCBuildConfiguration;
			buildSettings = {
				ALWAYS_EMBED_SWIFT_STANDARD_LIBRARIES = YES;
				CODE_SIGN_STYLE = Automatic;
				CURRENT_PROJECT_VERSION = 1;
				DEVELOPMENT_TEAM = PUYQHMK4MF;
				GENERATE_INFOPLIST_FILE = YES;
				MARKETING_VERSION = 1.0;
				PRODUCT_BUNDLE_IDENTIFIER = com.mycompany.GIFCopyUITests;
				PRODUCT_NAME = "$(TARGET_NAME)";
				SWIFT_EMIT_LOC_STRINGS = NO;
				SWIFT_VERSION = 5.0;
				TARGETED_DEVICE_FAMILY = "1,2";
				TEST_TARGET_NAME = GIFCopy;
			};
			name = Release;
		};
/* End XCBuildConfiguration section */

/* Begin XCConfigurationList section */
		E4B1902D284064F500202F33 /* Build configuration list for PBXProject "GIFCopy" */ = {
			isa = XCConfigurationList;
			buildConfigurations = (
				E4B1905A284064F800202F33 /* Debug */,
				E4B1905B284064F800202F33 /* Release */,
			);
			defaultConfigurationIsVisible = 0;
			defaultConfigurationName = Release;
		};
		E4B1905C284064F800202F33 /* Build configuration list for PBXNativeTarget "GIFCopy" */ = {
			isa = XCConfigurationList;
			buildConfigurations = (
				E4B1905D284064F800202F33 /* Debug */,
				E4B1905E284064F800202F33 /* Release */,
			);
			defaultConfigurationIsVisible = 0;
			defaultConfigurationName = Release;
		};
		E4B1905F284064F800202F33 /* Build configuration list for PBXNativeTarget "GIFCopyTests" */ = {
			isa = XCConfigurationList;
			buildConfigurations = (
				E4B19060284064F800202F33 /* Debug */,
				E4B19061284064F800202F33 /* Release */,
			);
			defaultConfigurationIsVisible = 0;
			defaultConfigurationName = Release;
		};
		E4B19062284064F800202F33 /* Build configuration list for PBXNativeTarget "GIFCopyUITests" */ = {
			isa = XCConfigurationList;
			buildConfigurations = (
				E4B19063284064F800202F33 /* Debug */,
				E4B19064284064F800202F33 /* Release */,
			);
			defaultConfigurationIsVisible = 0;
			defaultConfigurationName = Release;
		};
/* End XCConfigurationList section */
	};
	rootObject = E4B1902A284064F500202F33 /* Project object */;
}
